<?xml version="1.0" encoding="utf-8"?>
<Project ToolsVersion="4.0" xmlns="http://schemas.microsoft.com/developer/msbuild/2003">
  <ItemGroup>
    <Filter Include="Source Files">
      <UniqueIdentifier>{E9C7FDCE-D52A-8D73-7EB0-C5296AF258F6}</UniqueIdentifier>
    </Filter>
    <Filter Include="Source Files\components">
      <UniqueIdentifier>{7E6D72F0-EAA4-BA87-F3AE-1EAB5F65E180}</UniqueIdentifier>
    </Filter>
    <Filter Include="Source Files\ui">
      <UniqueIdentifier>{B6027D37-228E-EAFB-2B9F-6DF097A946FC}</UniqueIdentifier>
    </Filter>
    <Filter Include="Source Files\ui\components">
      <UniqueIdentifier>{2B2E9B01-173E-47D2-80F7-ABF06C26366B}</UniqueIdentifier>
    </Filter>
    <Filter Include="Header Files">
      <UniqueIdentifier>{21EB8090-0D4E-1035-B6D3-48EBA215DCB7}</UniqueIdentifier>
    </Filter>
    <Filter Include="Header Files\components">
      <UniqueIdentifier>{B61D16D5-2255-5E6C-2B5F-C28F97158565}</UniqueIdentifier>
    </Filter>
    <Filter Include="Header Files\ui">
      <UniqueIdentifier>{EEFA6F41-5A86-DD05-6397-60FACFA13906}</UniqueIdentifier>
    </Filter>
    <Filter Include="Header Files\ui\components">
      <UniqueIdentifier>{6393FF27-4FA3-ABF8-B85C-1017A48B9A91}</UniqueIdentifier>
    </Filter>
  </ItemGroup>
  <ItemGroup>
    <ClInclude Include="include\BeEngine.h">
      <Filter>Header Files</Filter>
    </ClInclude>
    <ClInclude Include="include\BeEngineUI.h">
      <Filter>Header Files</Filter>
    </ClInclude>
    <ClInclude Include="include\appManager.h">
      <Filter>Header Files</Filter>
    </ClInclude>
    <ClInclude Include="include\components\cameraGameObjectComp.h">
      <Filter>Header Files\components</Filter>
    </ClInclude>
    <ClInclude Include="include\components\components.h">
      <Filter>Header Files\components</Filter>
    </ClInclude>
    <ClInclude Include="include\components\cubeGameObjectComp.h">
      <Filter>Header Files\components</Filter>
    </ClInclude>
    <ClInclude Include="include\components\gameObjectComponent.h">
      <Filter>Header Files\components</Filter>
    </ClInclude>
    <ClInclude Include="include\components\physicsGameObjectComp.h">
      <Filter>Header Files\components</Filter>
    </ClInclude>
    <ClInclude Include="include\components\textureGameObjectComp.h">
      <Filter>Header Files\components</Filter>
    </ClInclude>
    <ClInclude Include="include\constraint.h">
      <Filter>Header Files</Filter>
    </ClInclude>
    <ClInclude Include="include\engineCore.h">
      <Filter>Header Files</Filter>
    </ClInclude>
    <ClInclude Include="include\fileHelper.h">
      <Filter>Header Files</Filter>
    </ClInclude>
    <ClInclude Include="include\gameLoop.h">
      <Filter>Header Files</Filter>
    </ClInclude>
    <ClInclude Include="include\gameObject.h">
      <Filter>Header Files</Filter>
    </ClInclude>
    <ClInclude Include="include\input.h">
      <Filter>Header Files</Filter>
    </ClInclude>
    <ClInclude Include="include\level.h">
      <Filter>Header Files</Filter>
    </ClInclude>
    <ClInclude Include="include\list.h">
      <Filter>Header Files</Filter>
    </ClInclude>
    <ClInclude Include="include\logger.h">
      <Filter>Header Files</Filter>
    </ClInclude>
    <ClInclude Include="include\physics.h">
      <Filter>Header Files</Filter>
    </ClInclude>
    <ClInclude Include="include\renderer.h">
      <Filter>Header Files</Filter>
    </ClInclude>
    <ClInclude Include="include\sound.h">
      <Filter>Header Files</Filter>
    </ClInclude>
    <ClInclude Include="include\transform.h">
      <Filter>Header Files</Filter>
    </ClInclude>
    <ClInclude Include="include\ui\brush.h">
      <Filter>Header Files\ui</Filter>
    </ClInclude>
    <ClInclude Include="include\ui\color.h">
      <Filter>Header Files\ui</Filter>
    </ClInclude>
    <ClInclude Include="include\ui\components\borderUIComponent.h">
      <Filter>Header Files\ui\components</Filter>
    </ClInclude>
    <ClInclude Include="include\ui\components\buttonUIComponent.h">
      <Filter>Header Files\ui\components</Filter>
    </ClInclude>
    <ClInclude Include="include\ui\components\textBoxUIComponent.h">
      <Filter>Header Files\ui\components</Filter>
    </ClInclude>
    <ClInclude Include="include\ui\components\textUIComponent.h">
      <Filter>Header Files\ui\components</Filter>
    </ClInclude>
    <ClInclude Include="include\ui\components\uiComponent.h">
      <Filter>Header Files\ui\components</Filter>
    </ClInclude>
    <ClInclude Include="include\ui\font.h">
      <Filter>Header Files\ui</Filter>
    </ClInclude>
    <ClInclude Include="include\ui\uiCanvas.h">
      <Filter>Header Files\ui</Filter>
    </ClInclude>
    <ClInclude Include="include\vector2.h">
      <Filter>Header Files</Filter>
    </ClInclude>
    <ClInclude Include="include\visibility.h">
      <Filter>Header Files</Filter>
    </ClInclude>
  </ItemGroup>
  <ItemGroup>
    <ClCompile Include="src\appManager.c">
      <Filter>Source Files</Filter>
    </ClCompile>
    <ClCompile Include="src\components\cameraGameObjectComp.c">
      <Filter>Source Files\components</Filter>
    </ClCompile>
    <ClCompile Include="src\components\cubeGameObjectComp.c">
      <Filter>Source Files\components</Filter>
    </ClCompile>
    <ClCompile Include="src\components\physicsGameObjectComp.c">
      <Filter>Source Files\components</Filter>
    </ClCompile>
    <ClCompile Include="src\components\textureGameObjectComp.c">
      <Filter>Source Files\components</Filter>
    </ClCompile>
    <ClCompile Include="src\constraint.c">
      <Filter>Source Files</Filter>
    </ClCompile>
    <ClCompile Include="src\engineCore.c">
      <Filter>Source Files</Filter>
    </ClCompile>
    <ClCompile Include="src\fileHelper.c">
      <Filter>Source Files</Filter>
    </ClCompile>
    <ClCompile Include="src\gameLoop.c">
      <Filter>Source Files</Filter>
    </ClCompile>
    <ClCompile Include="src\gameObject.c">
      <Filter>Source Files</Filter>
    </ClCompile>
    <ClCompile Include="src\level.c">
      <Filter>Source Files</Filter>
    </ClCompile>
    <ClCompile Include="src\list.c">
      <Filter>Source Files</Filter>
    </ClCompile>
    <ClCompile Include="src\logger.c">
      <Filter>Source Files</Filter>
    </ClCompile>
    <ClCompile Include="src\renderer.c">
      <Filter>Source Files</Filter>
    </ClCompile>
    <ClCompile Include="src\sound.c">
      <Filter>Source Files</Filter>
    </ClCompile>
    <ClCompile Include="src\ui\brush.c">
      <Filter>Source Files\ui</Filter>
    </ClCompile>
    <ClCompile Include="src\ui\color.c">
      <Filter>Source Files\ui</Filter>
    </ClCompile>
    <ClCompile Include="src\ui\components\borderUIComponent.c">
      <Filter>Source Files\ui\components</Filter>
    </ClCompile>
    <ClCompile Include="src\ui\components\buttonUIComponent.c">
      <Filter>Source Files\ui\components</Filter>
    </ClCompile>
    <ClCompile Include="src\ui\components\textBoxUIComponent.c">
      <Filter>Source Files\ui\components</Filter>
    </ClCompile>
    <ClCompile Include="src\ui\components\textUIComponent.c">
      <Filter>Source Files\ui\components</Filter>
    </ClCompile>
    <ClCompile Include="src\ui\font.c">
      <Filter>Source Files\ui</Filter>
    </ClCompile>
    <ClCompile Include="src\ui\uiCanvas.c">
      <Filter>Source Files\ui</Filter>
    </ClCompile>
    <ClCompile Include="src\vector2.c">
      <Filter>Source Files</Filter>
    </ClCompile>
  </ItemGroup>
</Project>